
Microsoft Visual Studio Solution File, Format Version 12.00
# Visual Studio Version 16
VisualStudioVersion = 16.0.32510.428
MinimumVisualStudioVersion = 10.0.40219.1
Project("{FAE04EC0-301F-11D3-BF4B-00C04F79EFBC}") = "TestProject1", "TestProject1\TestProject1.csproj", "{E0517974-D6CB-450C-8678-8FDC44B9A737}"
EndProject
Global
	GlobalSection(SolutionConfigurationPlatforms) = preSolution
		Debug|Any CPU = Debug|Any CPU
		Release|Any CPU = Release|Any CPU
	EndGlobalSection
	GlobalSection(ProjectConfigurationPlatforms) = postSolution
		{E0517974-D6CB-450C-8678-8FDC44B9A737}.Debug|Any CPU.ActiveCfg = Debug|Any CPU
		{E0517974-D6CB-450C-8678-8FDC44B9A737}.Debug|Any CPU.Build.0 = Debug|Any CPU
		{E0517974-D6CB-450C-8678-8FDC44B9A737}.Release|Any CPU.ActiveCfg = Release|Any CPU
		{E0517974-D6CB-450C-8678-8FDC44B9A737}.Release|Any CPU.Build.0 = Release|Any CPU
	EndGlobalSection
	GlobalSection(SolutionProperties) = preSolution
		HideSolutionNode = FALSE
	EndGlobalSection
	GlobalSection(ExtensibilityGlobals) = postSolution
		SolutionGuid = {52F8CC4E-BDAA-4077-BB62-FE7529A086ED}
	EndGlobalSection
EndGlobal
